
Microsoft Visual Studio Solution File, Format Version 12.00
# Visual Studio Version 16
VisualStudioVersion = 16.0.29806.167
MinimumVisualStudioVersion = 10.0.40219.1
Project("{FAE04EC0-301F-11D3-BF4B-00C04F79EFBC}") = "Ychet", "Ychet\Ychet.csproj", "{708D16A9-9533-4A97-9B77-C333AFDA628F}"
EndProject
Global
	GlobalSection(SolutionConfigurationPlatforms) = preSolution
		Debug|Any CPU = Debug|Any CPU
		Release|Any CPU = Release|Any CPU
	EndGlobalSection
	GlobalSection(ProjectConfigurationPlatforms) = postSolution
		{708D16A9-9533-4A97-9B77-C333AFDA628F}.Debug|Any CPU.ActiveCfg = Debug|Any CPU
		{708D16A9-9533-4A97-9B77-C333AFDA628F}.Debug|Any CPU.Build.0 = Debug|Any CPU
		{708D16A9-9533-4A97-9B77-C333AFDA628F}.Release|Any CPU.ActiveCfg = Release|Any CPU
		{708D16A9-9533-4A97-9B77-C333AFDA628F}.Release|Any CPU.Build.0 = Release|Any CPU
	EndGlobalSection
	GlobalSection(SolutionProperties) = preSolution
		HideSolutionNode = FALSE
	EndGlobalSection
	GlobalSection(ExtensibilityGlobals) = postSolution
		SolutionGuid = {5D3EC768-822C-4B46-9DAE-223A5D39405B}
	EndGlobalSection
EndGlobal
